
Microsoft Visual Studio Solution File, Format Version 12.00
# Visual Studio 15
VisualStudioVersion = 15.0.27703.2018
MinimumVisualStudioVersion = 10.0.40219.1
Project("{2150E333-8FDC-42A3-9474-1A3956D46DE8}") = "网络类", "网络类", "{1CE5412D-9F3D-4D7C-88A8-3820EB507748}"
EndProject
Project("{FAE04EC0-301F-11D3-BF4B-00C04F79EFBC}") = "HttpHelper", "HttpHelper\HttpHelper.csproj", "{790E03D0-B942-4FAA-9B2D-E26C64D6A4E7}"
EndProject
Project("{2150E333-8FDC-42A3-9474-1A3956D46DE8}") = "字符串类", "字符串类", "{5233E709-5829-4BE3-AF41-05A28BEA575A}"
EndProject
Project("{FAE04EC0-301F-11D3-BF4B-00C04F79EFBC}") = "StringHelper", "StringHelper\StringHelper.csproj", "{AFE6DD70-4D6F-489C-9719-6365C996AA84}"
EndProject
Project("{FAE04EC0-301F-11D3-BF4B-00C04F79EFBC}") = "Test", "Test\Test.csproj", "{18855A7F-F5A1-47C8-9F72-E0D641CEE95E}"
EndProject
Project("{2150E333-8FDC-42A3-9474-1A3956D46DE8}") = "文件处理类", "文件处理类", "{FD37C3E6-38B6-40B1-86CF-0F88AEACC2AC}"
EndProject
Project("{FAE04EC0-301F-11D3-BF4B-00C04F79EFBC}") = "FileHelper", "FileHelper\FileHelper.csproj", "{EB08B965-4B8E-46B7-8A7B-41248E9EEEDB}"
EndProject
Project("{2150E333-8FDC-42A3-9474-1A3956D46DE8}") = "数据库类", "数据库类", "{A2F777AE-8003-443B-8EDE-96EFCAE53A56}"
EndProject
Project("{FAE04EC0-301F-11D3-BF4B-00C04F79EFBC}") = "DataBaseHelper", "DataBaseHelper\DataBaseHelper.csproj", "{6C9FF5EE-92CD-4F43-BE0E-509F9DB599E4}"
EndProject
Project("{2150E333-8FDC-42A3-9474-1A3956D46DE8}") = "Windows类", "Windows类", "{DCB28F64-9016-48F8-87D9-776ADD5A0020}"
EndProject
Project("{FAE04EC0-301F-11D3-BF4B-00C04F79EFBC}") = "WindowsHelper", "WindowsHelper\WindowsHelper.csproj", "{836B44FA-00AD-4D0E-9504-39D5D60495FB}"
EndProject
Project("{2150E333-8FDC-42A3-9474-1A3956D46DE8}") = "Web类", "Web类", "{5C5802C2-658B-4950-8CB6-E86C5ACFA2EF}"
EndProject
Project("{9A19103F-16F7-4668-BE54-9A1E7A4F7556}") = "CoreWebDemo", "CoreWebDemo\CoreWebDemo.csproj", "{92655F23-C6BB-4D9D-870D-22A254F9DDD8}"
EndProject
Project("{2150E333-8FDC-42A3-9474-1A3956D46DE8}") = "Demo类", "Demo类", "{ED804AC7-78AE-425F-AF17-3BB603ABBA1D}"
EndProject
Project("{9A19103F-16F7-4668-BE54-9A1E7A4F7556}") = "SignalRClient", "SignalRClient\SignalRClient.csproj", "{C1E3795F-B610-40B2-A642-6452301ACAAF}"
EndProject
Project("{9A19103F-16F7-4668-BE54-9A1E7A4F7556}") = "RabbitMQSender", "RabbitMQSender\RabbitMQSender.csproj", "{5B96AE65-15B5-4367-BA07-784C3019FCAB}"
EndProject
Project("{9A19103F-16F7-4668-BE54-9A1E7A4F7556}") = "RabbitMQReceiver", "RabbitMQReceiver\RabbitMQReceiver.csproj", "{05003329-65A5-4070-9924-363DFE24F75C}"
EndProject
Project("{2150E333-8FDC-42A3-9474-1A3956D46DE8}") = "RabbitMQDemo", "RabbitMQDemo", "{DD58881D-97ED-4DED-B7AE-DF4CD6E075DF}"
EndProject
Project("{2150E333-8FDC-42A3-9474-1A3956D46DE8}") = "SocketDemo", "SocketDemo", "{89175908-1E88-4EF9-AFC6-8114993BD2BB}"
EndProject
Project("{FAE04EC0-301F-11D3-BF4B-00C04F79EFBC}") = "SocketServer", "SocketServer\SocketServer.csproj", "{7F47517F-DF31-41E5-BAA4-4030A0EB9139}"
EndProject
Project("{FAE04EC0-301F-11D3-BF4B-00C04F79EFBC}") = "SocketClient", "SocketClient\SocketClient.csproj", "{D879FCD6-CAB0-471D-8AE1-32941E9814A6}"
EndProject
Global
	GlobalSection(SolutionConfigurationPlatforms) = preSolution
		Debug|Any CPU = Debug|Any CPU
		Release|Any CPU = Release|Any CPU
	EndGlobalSection
	GlobalSection(ProjectConfigurationPlatforms) = postSolution
		{790E03D0-B942-4FAA-9B2D-E26C64D6A4E7}.Debug|Any CPU.ActiveCfg = Debug|Any CPU
		{790E03D0-B942-4FAA-9B2D-E26C64D6A4E7}.Debug|Any CPU.Build.0 = Debug|Any CPU
		{790E03D0-B942-4FAA-9B2D-E26C64D6A4E7}.Release|Any CPU.ActiveCfg = Release|Any CPU
		{790E03D0-B942-4FAA-9B2D-E26C64D6A4E7}.Release|Any CPU.Build.0 = Release|Any CPU
		{AFE6DD70-4D6F-489C-9719-6365C996AA84}.Debug|Any CPU.ActiveCfg = Debug|Any CPU
		{AFE6DD70-4D6F-489C-9719-6365C996AA84}.Debug|Any CPU.Build.0 = Debug|Any CPU
		{AFE6DD70-4D6F-489C-9719-6365C996AA84}.Release|Any CPU.ActiveCfg = Release|Any CPU
		{AFE6DD70-4D6F-489C-9719-6365C996AA84}.Release|Any CPU.Build.0 = Release|Any CPU
		{18855A7F-F5A1-47C8-9F72-E0D641CEE95E}.Debug|Any CPU.ActiveCfg = Debug|Any CPU
		{18855A7F-F5A1-47C8-9F72-E0D641CEE95E}.Debug|Any CPU.Build.0 = Debug|Any CPU
		{18855A7F-F5A1-47C8-9F72-E0D641CEE95E}.Release|Any CPU.ActiveCfg = Release|Any CPU
		{18855A7F-F5A1-47C8-9F72-E0D641CEE95E}.Release|Any CPU.Build.0 = Release|Any CPU
		{EB08B965-4B8E-46B7-8A7B-41248E9EEEDB}.Debug|Any CPU.ActiveCfg = Debug|Any CPU
		{EB08B965-4B8E-46B7-8A7B-41248E9EEEDB}.Debug|Any CPU.Build.0 = Debug|Any CPU
		{EB08B965-4B8E-46B7-8A7B-41248E9EEEDB}.Release|Any CPU.ActiveCfg = Release|Any CPU
		{EB08B965-4B8E-46B7-8A7B-41248E9EEEDB}.Release|Any CPU.Build.0 = Release|Any CPU
		{6C9FF5EE-92CD-4F43-BE0E-509F9DB599E4}.Debug|Any CPU.ActiveCfg = Debug|Any CPU
		{6C9FF5EE-92CD-4F43-BE0E-509F9DB599E4}.Debug|Any CPU.Build.0 = Debug|Any CPU
		{6C9FF5EE-92CD-4F43-BE0E-509F9DB599E4}.Release|Any CPU.ActiveCfg = Release|Any CPU
		{6C9FF5EE-92CD-4F43-BE0E-509F9DB599E4}.Release|Any CPU.Build.0 = Release|Any CPU
		{836B44FA-00AD-4D0E-9504-39D5D60495FB}.Debug|Any CPU.ActiveCfg = Debug|Any CPU
		{836B44FA-00AD-4D0E-9504-39D5D60495FB}.Debug|Any CPU.Build.0 = Debug|Any CPU
		{836B44FA-00AD-4D0E-9504-39D5D60495FB}.Release|Any CPU.ActiveCfg = Release|Any CPU
		{836B44FA-00AD-4D0E-9504-39D5D60495FB}.Release|Any CPU.Build.0 = Release|Any CPU
		{92655F23-C6BB-4D9D-870D-22A254F9DDD8}.Debug|Any CPU.ActiveCfg = Debug|Any CPU
		{92655F23-C6BB-4D9D-870D-22A254F9DDD8}.Debug|Any CPU.Build.0 = Debug|Any CPU
		{92655F23-C6BB-4D9D-870D-22A254F9DDD8}.Release|Any CPU.ActiveCfg = Release|Any CPU
		{92655F23-C6BB-4D9D-870D-22A254F9DDD8}.Release|Any CPU.Build.0 = Release|Any CPU
		{C1E3795F-B610-40B2-A642-6452301ACAAF}.Debug|Any CPU.ActiveCfg = Debug|Any CPU
		{C1E3795F-B610-40B2-A642-6452301ACAAF}.Debug|Any CPU.Build.0 = Debug|Any CPU
		{C1E3795F-B610-40B2-A642-6452301ACAAF}.Release|Any CPU.ActiveCfg = Release|Any CPU
		{C1E3795F-B610-40B2-A642-6452301ACAAF}.Release|Any CPU.Build.0 = Release|Any CPU
		{5B96AE65-15B5-4367-BA07-784C3019FCAB}.Debug|Any CPU.ActiveCfg = Debug|Any CPU
		{5B96AE65-15B5-4367-BA07-784C3019FCAB}.Debug|Any CPU.Build.0 = Debug|Any CPU
		{5B96AE65-15B5-4367-BA07-784C3019FCAB}.Release|Any CPU.ActiveCfg = Release|Any CPU
		{5B96AE65-15B5-4367-BA07-784C3019FCAB}.Release|Any CPU.Build.0 = Release|Any CPU
		{05003329-65A5-4070-9924-363DFE24F75C}.Debug|Any CPU.ActiveCfg = Debug|Any CPU
		{05003329-65A5-4070-9924-363DFE24F75C}.Debug|Any CPU.Build.0 = Debug|Any CPU
		{05003329-65A5-4070-9924-363DFE24F75C}.Release|Any CPU.ActiveCfg = Release|Any CPU
		{05003329-65A5-4070-9924-363DFE24F75C}.Release|Any CPU.Build.0 = Release|Any CPU
		{7F47517F-DF31-41E5-BAA4-4030A0EB9139}.Debug|Any CPU.ActiveCfg = Debug|Any CPU
		{7F47517F-DF31-41E5-BAA4-4030A0EB9139}.Debug|Any CPU.Build.0 = Debug|Any CPU
		{7F47517F-DF31-41E5-BAA4-4030A0EB9139}.Release|Any CPU.ActiveCfg = Release|Any CPU
		{7F47517F-DF31-41E5-BAA4-4030A0EB9139}.Release|Any CPU.Build.0 = Release|Any CPU
		{D879FCD6-CAB0-471D-8AE1-32941E9814A6}.Debug|Any CPU.ActiveCfg = Debug|Any CPU
		{D879FCD6-CAB0-471D-8AE1-32941E9814A6}.Debug|Any CPU.Build.0 = Debug|Any CPU
		{D879FCD6-CAB0-471D-8AE1-32941E9814A6}.Release|Any CPU.ActiveCfg = Release|Any CPU
		{D879FCD6-CAB0-471D-8AE1-32941E9814A6}.Release|Any CPU.Build.0 = Release|Any CPU
	EndGlobalSection
	GlobalSection(SolutionProperties) = preSolution
		HideSolutionNode = FALSE
	EndGlobalSection
	GlobalSection(NestedProjects) = preSolution
		{790E03D0-B942-4FAA-9B2D-E26C64D6A4E7} = {1CE5412D-9F3D-4D7C-88A8-3820EB507748}
		{AFE6DD70-4D6F-489C-9719-6365C996AA84} = {5233E709-5829-4BE3-AF41-05A28BEA575A}
		{EB08B965-4B8E-46B7-8A7B-41248E9EEEDB} = {FD37C3E6-38B6-40B1-86CF-0F88AEACC2AC}
		{6C9FF5EE-92CD-4F43-BE0E-509F9DB599E4} = {A2F777AE-8003-443B-8EDE-96EFCAE53A56}
		{836B44FA-00AD-4D0E-9504-39D5D60495FB} = {DCB28F64-9016-48F8-87D9-776ADD5A0020}
		{92655F23-C6BB-4D9D-870D-22A254F9DDD8} = {5C5802C2-658B-4950-8CB6-E86C5ACFA2EF}
		{C1E3795F-B610-40B2-A642-6452301ACAAF} = {ED804AC7-78AE-425F-AF17-3BB603ABBA1D}
		{5B96AE65-15B5-4367-BA07-784C3019FCAB} = {DD58881D-97ED-4DED-B7AE-DF4CD6E075DF}
		{05003329-65A5-4070-9924-363DFE24F75C} = {DD58881D-97ED-4DED-B7AE-DF4CD6E075DF}
		{DD58881D-97ED-4DED-B7AE-DF4CD6E075DF} = {ED804AC7-78AE-425F-AF17-3BB603ABBA1D}
		{89175908-1E88-4EF9-AFC6-8114993BD2BB} = {ED804AC7-78AE-425F-AF17-3BB603ABBA1D}
		{7F47517F-DF31-41E5-BAA4-4030A0EB9139} = {89175908-1E88-4EF9-AFC6-8114993BD2BB}
		{D879FCD6-CAB0-471D-8AE1-32941E9814A6} = {89175908-1E88-4EF9-AFC6-8114993BD2BB}
	EndGlobalSection
	GlobalSection(ExtensibilityGlobals) = postSolution
		SolutionGuid = {35C72479-B027-43E8-9596-C37BE3F78C3F}
	EndGlobalSection
EndGlobal
